{
  "name": "alpha-dapp",
  "version": "1.0.0",
  "lockfileVersion": 1,
  "requires": true,
  "dependencies": {
    "@ant-design/icons": {
      "version": "1.1.15",
      "resolved": "https://registry.npmjs.org/@ant-design/icons/-/icons-1.1.15.tgz",
      "integrity": "sha512-KwU8axLdaUGrhueLoiQm70ViP6jaYZVRohBxW5l8NTsmvp8Uj7iAlsVx+h0lpIcMzrsbEed4YX5QGLzlwHVbNw=="
    },
    "@ant-design/icons-react": {
      "version": "1.1.2",
      "resolved": "https://registry.npmjs.org/@ant-design/icons-react/-/icons-react-1.1.2.tgz",
      "integrity": "sha512-7Fgt9d8ABgxrhZxsFjHk/VpPcxodQJJhbJO8Lsh7u58pGN4NoxxW++92naeGTXCyqZsbDPBReP+SC0bdBtbsGQ==",
      "requires": {
        "ant-design-palettes": "1.1.3",
        "babel-runtime": "6.26.0"
      }
    },
    "@babel/helper-module-imports": {
      "version": "7.0.0",
      "resolved": "https://registry.npmjs.org/@babel/helper-module-imports/-/helper-module-imports-7.0.0.tgz",
      "integrity": "sha512-aP/hlLq01DWNEiDg4Jn23i+CXxW/owM4WpDLFUbpjxe4NS3BhLVZQ5i7E0ZrxuQ/vwekIeciyamgB1UIYxxM6A==",
      "dev": true,
      "requires": {
        "@babel/types": "7.1.3"
      }
    },
    "@babel/runtime": {
      "version": "7.1.2",
      "resolved": "https://registry.npmjs.org/@babel/runtime/-/runtime-7.1.2.tgz",
      "integrity": "sha512-Y3SCjmhSupzFB6wcv1KmmFucH6gDVnI30WjOcicV10ju0cZjak3Jcs67YLIXBrmZYw1xCrVeJPbycFwrqNyxpg==",
      "dev": true,
      "requires": {
        "regenerator-runtime": "0.12.1"
      },
      "dependencies": {
        "regenerator-runtime": {
          "version": "0.12.1",
          "resolved": "https://registry.npmjs.org/regenerator-runtime/-/regenerator-runtime-0.12.1.tgz",
          "integrity": "sha512-odxIc1/vDlo4iZcfXqRYFj0vpXFNoGdKMAUieAlFYO6m/nl5e9KR/beGf41z4a1FI+aQgtjhuaSlDxQ0hmkrHg==",
          "dev": true
        }
      }
    },
    "@babel/runtime-corejs2": {
      "version": "7.1.2",
      "resolved": "https://registry.npmjs.org/@babel/runtime-corejs2/-/runtime-corejs2-7.1.2.tgz",
      "integrity": "sha512-drxaPByExlcRDKW4ZLubUO4ZkI8/8ax9k9wve1aEthdLKFzjB7XRkOQ0xoTIWGxqdDnWDElkjYq77bt7yrcYJQ==",
      "requires": {
        "core-js": "2.5.7",
        "regenerator-runtime": "0.12.1"
      },
      "dependencies": {
        "regenerator-runtime": {
          "version": "0.12.1",
          "resolved": "https://registry.npmjs.org/regenerator-runtime/-/regenerator-runtime-0.12.1.tgz",
          "integrity": "sha512-odxIc1/vDlo4iZcfXqRY